// !$*UTF8*$!
{
	archiveVersion = 1;
	classes = {
	};
	objectVersion = 46;
	objects = {

/* Begin PBXBuildFile section */
		EF7C3E701F615BF600EEFC8B /* LN_TouchIDHelper.m in Sources */ = {isa = PBXBuildFile; fileRef = EF7C3E6F1F615BF600EEFC8B /* LN_TouchIDHelper.m */; };
		EFC4DE471F61344E00FE6589 /* main.m in Sources */ = {isa = PBXBuildFile; fileRef = EFC4DE461F61344E00FE6589 /* main.m */; };
		EFC4DE4A1F61344E00FE6589 /* AppDelegate.m in Sources */ = {isa = PBXBuildFile; fileRef = EFC4DE491F61344E00FE6589 /* AppDelegate.m */; };
		EFC4DE4D1F61344E00FE6589 /* ViewController.m in Sources */ = {isa = PBXBuildFile; fileRef = EFC4DE4C1F61344E00FE6589 /* ViewController.m */; };
		EFC4DE501F61344E00FE6589 /* Main.storyboard in Resources */ = {isa = PBXBuildFile; fileRef = EFC4DE4E1F61344E00FE6589 /* Main.storyboard */; };
		EFC4DE521F61344E00FE6589 /* Assets.xcassets in Resources */ = {isa = PBXBuildFile; fileRef = EFC4DE511F61344E00FE6589 /* Assets.xcassets */; };
		EFC4DE551F61344E00FE6589 /* LaunchScreen.storyboard in Resources */ = {isa = PBXBuildFile; fileRef = EFC4DE531F61344E00FE6589 /* LaunchScreen.storyboard */; };
		EFC4DE611F613A9100FE6589 /* LocalAuthentication.framework in Frameworks */ = {isa = PBXBuildFile; fileRef = EFC4DE601F613A9100FE6589 /* LocalAuthentication.framework */; };
/* End PBXBuildFile section */

/* Begin PBXFileReference section */
		EF7C3E6E1F615BF600EEFC8B /* LN_TouchIDHelper.h */ = {isa = PBXFileReference; fileEncoding = 4; lastKnownFileType = sourcecode.c.h; path = LN_TouchIDHelper.h; sourceTree = "<group>"; };
		EF7C3E6F1F615BF600EEFC8B /* LN_TouchIDHelper.m */ = {isa = PBXFileReference; fileEncoding = 4; lastKnownFileType = sourcecode.c.objc; path = LN_TouchIDHelper.m; sourceTree = "<group>"; };
		EFC4DE421F61344E00FE6589 /* demo.app */ = {isa = PBXFileReference; explicitFileType = wrapper.application; includeInIndex = 0; path = demo.app; sourceTree = BUILT_PRODUCTS_DIR; };
		EFC4DE461F61344E00FE6589 /* main.m */ = {isa = PBXFileReference; lastKnownFileType = sourcecode.c.objc; path = main.m; sourceTree = "<group>"; };
		EFC4DE481F61344E00FE6589 /* AppDelegate.h */ = {isa = PBXFileReference; lastKnownFileType = sourcecode.c.h; path = AppDelegate.h; sourceTree = "<group>"; };
		EFC4DE491F61344E00FE6589 /* AppDelegate.m */ = {isa = PBXFileReference; lastKnownFileType = sourcecode.c.objc; path = AppDelegate.m; sourceTree = "<group>"; };
		EFC4DE4B1F61344E00FE6589 /* ViewController.h */ = {isa = PBXFileReference; lastKnownFileType = sourcecode.c.h; path = ViewController.h; sourceTree = "<group>"; };
		EFC4DE4C1F61344E00FE6589 /* ViewController.m */ = {isa = PBXFileReference; lastKnownFileType = sourcecode.c.objc; path = ViewController.m; sourceTree = "<group>"; };
		EFC4DE4F1F61344E00FE6589 /* Base */ = {isa = PBXFileReference; lastKnownFileType = file.storyboard; name = Base; path = Base.lproj/Main.storyboard; sourceTree = "<group>"; };
		EFC4DE511F61344E00FE6589 /* Assets.xcassets */ = {isa = PBXFileReference; lastKnownFileType = folder.assetcatalog; path = Assets.xcassets; sourceTree = "<group>"; };
		EFC4DE541F61344E00FE6589 /* Base */ = {isa = PBXFileReference; lastKnownFileType = file.storyboard; name = Base; path = Base.lproj/LaunchScreen.storyboard; sourceTree = "<group>"; };
		EFC4DE561F61344E00FE6589 /* Info.plist */ = {isa = PBXFileReference; lastKnownFileType = text.plist.xml; path = Info.plist; sourceTree = "<group>"; };
		EFC4DE601F613A9100FE6589 /* LocalAuthentication.framework */ = {isa = PBXFileReference; lastKnownFileType = wrapper.framework; name = LocalAuthentication.framework; path = System/Library/Frameworks/LocalAuthentication.framework; sourceTree = SDKROOT; };
/* End PBXFileReference section */

/* Begin PBXFrameworksBuildPhase section */
		EFC4DE3F1F61344E00FE6589 /* Frameworks */ = {
			isa = PBXFrameworksBuildPhase;
			buildActionMask = 2147483647;
			files = (
				EFC4DE611F613A9100FE6589 /* LocalAuthentication.framework in Frameworks */,
			);
			runOnlyForDeploymentPostprocessing = 0;
		};
/* End PBXFrameworksBuildPhase section */

/* Begin PBXGroup section */
		EF7C3E6D1F615BF600EEFC8B /* LN_TouchIDHelper */ = {
			isa = PBXGroup;
			children = (
				EF7C3E6E1F615BF600EEFC8B /* LN_TouchIDHelper.h */,
				EF7C3E6F1F615BF600EEFC8B /* LN_TouchIDHelper.m */,
			);
			name = LN_TouchIDHelper;
			path = ../../LN_TouchIDHelper;
			sourceTree = "<group>";
		};
		EFC4DE391F61344E00FE6589 = {
			isa = PBXGroup;
			children = (
				EFC4DE441F61344E00FE6589 /* demo */,
				EFC4DE431F61344E00FE6589 /* Products */,
				EFC4DE5F1F613A9000FE6589 /* Frameworks */,
			);
			sourceTree = "<group>";
		};
		EFC4DE431F61344E00FE6589 /* Products */ = {
			isa = PBXGroup;
			children = (
				EFC4DE421F61344E00FE6589 /* demo.app */,
			);
			name = Products;
			sourceTree = "<group>";
		};
		EFC4DE441F61344E00FE6589 /* demo */ = {
			isa = PBXGroup;
			children = (
				EF7C3E6D1F615BF600EEFC8B /* LN_TouchIDHelper */,
				EFC4DE481F61344E00FE6589 /* AppDelegate.h */,
				EFC4DE491F61344E00FE6589 /* AppDelegate.m */,
				EFC4DE4B1F61344E00FE6589 /* ViewController.h */,
				EFC4DE4C1F61344E00FE6589 /* ViewController.m */,
				EFC4DE4E1F61344E00FE6589 /* Main.storyboard */,
				EFC4DE511F61344E00FE6589 /* Assets.xcassets */,
				EFC4DE531F61344E00FE6589 /* LaunchScreen.storyboard */,
				EFC4DE561F61344E00FE6589 /* Info.plist */,
				EFC4DE451F61344E00FE6589 /* Supporting Files */,
			);
			path = demo;
			sourceTree = "<group>";
		};
		EFC4DE451F61344E00FE6589 /* Supporting Files */ = {
			isa = PBXGroup;
			children = (
				EFC4DE461F61344E00FE6589 /* main.m */,
			);
			name = "Supporting Files";
			sourceTree = "<group>";
		};
		EFC4DE5F1F613A9000FE6589 /* Frameworks */ = {
			isa = PBXGroup;
			children = (
				EFC4DE601F613A9100FE6589 /* LocalAuthentication.framework */,
			);
			name = Frameworks;
			sourceTree = "<group>";
		};
/* End PBXGroup section */

/* Begin PBXNativeTarget section */
		EFC4DE411F61344E00FE6589 /* demo */ = {
			isa = PBXNativeTarget;
			buildConfigurationList = EFC4DE591F61344E00FE6589 /* Build configuration list for PBXNativeTarget "demo" */;
			buildPhases = (
				EFC4DE3E1F61344E00FE6589 /* Sources */,
				EFC4DE3F1F61344E00FE6589 /* Frameworks */,
				EFC4DE401F61344E00FE6589 /* Resources */,
			);
			buildRules = (
			);
			dependencies = (
			);
			name = demo;
			productName = demo;
			productReference = EFC4DE421F61344E00FE6589 /* demo.app */;
			productType = "com.apple.product-type.application";
		};
/* End PBXNativeTarget section */

/* Begin PBXProject section */
		EFC4DE3A1F61344E00FE6589 /* Project object */ = {
			isa = PBXProject;
			attributes = {
				LastUpgradeCheck = 0830;
				ORGANIZATIONNAME = com.lionneo;
				TargetAttributes = {
					EFC4DE411F61344E00FE6589 = {
						CreatedOnToolsVersion = 8.3.3;
						DevelopmentTeam = 63239K73J8;
						ProvisioningStyle = Automatic;
					};
				};
			};
			buildConfigurationList = EFC4DE3D1F61344E00FE6589 /* Build configuration list for PBXProject "demo" */;
			compatibilityVersion = "Xcode 3.2";
			developmentRegion = English;
			hasScannedForEncodings = 0;
			knownRegions = (
				en,
				Base,
			);
			mainGroup = EFC4DE391F61344E00FE6589;
			productRefGroup = EFC4DE431F61344E00FE6589 /* Products */;
			projectDirPath = "";
			projectRoot = "";
			targets = (
				EFC4DE411F61344E00FE6589 /* demo */,
			);
		};
/* End PBXProject section */

/* Begin PBXResourcesBuildPhase section */
		EFC4DE401F61344E00FE6589 /* Resources */ = {
			isa = PBXResourcesBuildPhase;
			buildActionMask = 2147483647;
			files = (
				EFC4DE551F61344E00FE6589 /* LaunchScreen.storyboard in Resources */,
				EFC4DE521F61344E00FE6589 /* Assets.xcassets in Resources */,
				EFC4DE501F61344E00FE6589 /* Main.storyboard in Resources */,
			);
			runOnlyForDeploymentPostprocessing = 0;
		};
/* End PBXResourcesBuildPhase section */

/* Begin PBXSourcesBuildPhase section */
		EFC4DE3E1F61344E00FE6589 /* Sources */ = {
			isa = PBXSourcesBuildPhase;
			buildActionMask = 2147483647;
			files = (
				EFC4DE4D1F61344E00FE6589 /* ViewController.m in Sources */,
				EFC4DE4A1F61344E00FE6589 /* AppDelegate.m in Sources */,
				EF7C3E701F615BF600EEFC8B /* LN_TouchIDHelper.m in Sources */,
				EFC4DE471F61344E00FE6589 /* main.m in Sources */,
			);
			runOnlyForDeploymentPostprocessing = 0;
		};
/* End PBXSourcesBuildPhase section */

/* Begin PBXVariantGroup section */
		EFC4DE4E1F61344E00FE6589 /* Main.storyboard */ = {
			isa = PBXVariantGroup;
			children = (
				EFC4DE4F1F61344E00FE6589 /* Base */,
			);
			name = Main.storyboard;
			sourceTree = "<group>";
		};
		EFC4DE531F61344E00FE6589 /* LaunchScreen.storyboard */ = {
			isa = PBXVariantGroup;
			children = (
				EFC4DE541F61344E00FE6589 /* Base */,
			);
			name = LaunchScreen.storyboard;
			sourceTree = "<group>";
		};
/* End PBXVariantGroup section */

/* Begin XCBuildConfiguration section */
		EFC4DE571F61344E00FE6589 /* Debug */ = {
			isa = XCBuildConfiguration;
			buildSettings = {
				ALWAYS_SEARCH_USER_PATHS = NO;
				CLANG_ANALYZER_NONNULL = YES;
				CLANG_ANALYZER_NUMBER_OBJECT_CONVERSION = YES_AGGRESSIVE;
				CLANG_CXX_LANGUAGE_STANDARD = "gnu++0x";
				CLANG_CXX_LIBRARY = "libc++";
				CLANG_ENABLE_MODULES = YES;
				CLANG_ENABLE_OBJC_ARC = YES;
				CLANG_WARN_BOOL_CONVERSION = YES;
				CLANG_WARN_CONSTANT_CONVERSION = YES;
				CLANG_WARN_DIRECT_OBJC_ISA_USAGE = YES_ERROR;
				CLANG_WARN_DOCUMENTATION_COMMENTS = YES;
				CLANG_WARN_EMPTY_BODY = YES;
				CLANG_WARN_ENUM_CONVERSION = YES;
				CLANG_WARN_INFINITE_RECURSION = YES;
				CLANG_WARN_INT_CONVERSION = YES;
				CLANG_WARN_OBJC_ROOT_CLASS = YES_ERROR;
				CLANG_WARN_SUSPICIOUS_MOVE = YES;
				CLANG_WARN_UNREACHABLE_CODE = YES;
				CLANG_WARN__DUPLICATE_METHOD_MATCH = YES;
				"CODE_SIGN_IDENTITY[sdk=iphoneos*]" = "iPhone Developer";
				COPY_PHASE_STRIP = NO;
				DEBUG_INFORMATION_FORMAT = dwarf;
				ENABLE_STRICT_OBJC_MSGSEND = YES;
				ENABLE_TESTABILITY = YES;
				GCC_C_LANGUAGE_STANDARD = gnu99;
				GCC_DYNAMIC_NO_PIC = NO;
				GCC_NO_COMMON_BLOCKS = YES;
				GCC_OPTIMIZATION_LEVEL = 0;
				GCC_PREPROCESSOR_DEFINITIONS = (
					"DEBUG=1",
					"$(inherited)",
				);
				GCC_WARN_64_TO_32_BIT_CONVERSION = YES;
				GCC_WARN_ABOUT_RETURN_TYPE = YES_ERROR;
				GCC_WARN_UNDECLARED_SELECTOR = YES;
				GCC_WARN_UNINITIALIZED_AUTOS = YES_AGGRESSIVE;
				GCC_WARN_UNUSED_FUNCTION = YES;
				GCC_WARN_UNUSED_VARIABLE = YES;
				IPHONEOS_DEPLOYMENT_TARGET = 10.3;
				MTL_ENABLE_DEBUG_INFO = YES;
				ONLY_ACTIVE_ARCH = YES;
				SDKROOT = iphoneos;
				TARGETED_DEVICE_FAMILY = "1,2";
			};
			name = Debug;
		};
		EFC4DE581F61344E00FE6589 /* Release */ = {
			isa = XCBuildConfiguration;
			buildSettings = {
				ALWAYS_SEARCH_USER_PATHS = NO;
				CLANG_ANALYZER_NONNULL = YES;
				CLANG_ANALYZER_NUMBER_OBJECT_CONVERSION = YES_AGGRESSIVE;
				CLANG_CXX_LANGUAGE_STANDARD = "gnu++0x";
				CLANG_CXX_LIBRARY = "libc++";
				CLANG_ENABLE_MODULES = YES;
				CLANG_ENABLE_OBJC_ARC = YES;
				CLANG_WARN_BOOL_CONVERSION = YES;
				CLANG_WARN_CONSTANT_CONVERSION = YES;
				CLANG_WARN_DIRECT_OBJC_ISA_USAGE = YES_ERROR;
				CLANG_WARN_DOCUMENTATION_COMMENTS = YES;
				CLANG_WARN_EMPTY_BODY = YES;
				CLANG_WARN_ENUM_CONVERSION = YES;
				CLANG_WARN_INFINITE_RECURSION = YES;
				CLANG_WARN_INT_CONVERSION = YES;
				CLANG_WARN_OBJC_ROOT_CLASS = YES_ERROR;
				CLANG_WARN_SUSPICIOUS_MOVE = YES;
				CLANG_WARN_UNREACHABLE_CODE = YES;
				CLANG_WARN__DUPLICATE_METHOD_MATCH = YES;
				"CODE_SIGN_IDENTITY[sdk=iphoneos*]" = "iPhone Developer";
				COPY_PHASE_STRIP = NO;
				DEBUG_INFORMATION_FORMAT = "dwarf-with-dsym";
				ENABLE_NS_ASSERTIONS = NO;
				ENABLE_STRICT_OBJC_MSGSEND = YES;
				GCC_C_LANGUAGE_STANDARD = gnu99;
				GCC_NO_COMMON_BLOCKS = YES;
				GCC_WARN_64_TO_32_BIT_CONVERSION = YES;
				GCC_WARN_ABOUT_RETURN_TYPE = YES_ERROR;
				GCC_WARN_UNDECLARED_SELECTOR = YES;
				GCC_WARN_UNINITIALIZED_AUTOS = YES_AGGRESSIVE;
				GCC_WARN_UNUSED_FUNCTION = YES;
				GCC_WARN_UNUSED_VARIABLE = YES;
				IPHONEOS_DEPLOYMENT_TARGET = 10.3;
				MTL_ENABLE_DEBUG_INFO = NO;
				SDKROOT = iphoneos;
				TARGETED_DEVICE_FAMILY = "1,2";
				VALIDATE_PRODUCT = YES;
			};
			name = Release;
		};
		EFC4DE5A1F61344E00FE6589 /* Debug */ = {
			isa = XCBuildConfiguration;
			buildSettings = {
				ASSETCATALOG_COMPILER_APPICON_NAME = AppIcon;
				DEVELOPMENT_TEAM = 63239K73J8;
				INFOPLIST_FILE = demo/Info.plist;
				LD_RUNPATH_SEARCH_PATHS = "$(inherited) @executable_path/Frameworks";
				PRODUCT_BUNDLE_IDENTIFIER = com.lionneo.www.demo;
				PRODUCT_NAME = "$(TARGET_NAME)";
			};
			name = Debug;
		};
		EFC4DE5B1F61344E00FE6589 /* Release */ = {
			isa = XCBuildConfiguration;
			buildSettings = {
				ASSETCATALOG_COMPILER_APPICON_NAME = AppIcon;
				DEVELOPMENT_TEAM = 63239K73J8;
				INFOPLIST_FILE = demo/Info.plist;
				LD_RUNPATH_SEARCH_PATHS = "$(inherited) @executable_path/Frameworks";
				PRODUCT_BUNDLE_IDENTIFIER = com.lionneo.www.demo;
				PRODUCT_NAME = "$(TARGET_NAME)";
			};
			name = Release;
		};
/* End XCBuildConfiguration section */

/* Begin XCConfigurationList section */
		EFC4DE3D1F61344E00FE6589 /* Build configuration list for PBXProject "demo" */ = {
			isa = XCConfigurationList;
			buildConfigurations = (
				EFC4DE571F61344E00FE6589 /* Debug */,
				EFC4DE581F61344E00FE6589 /* Release */,
			);
			defaultConfigurationIsVisible = 0;
			defaultConfigurationName = Release;
		};
		EFC4DE591F61344E00FE6589 /* Build configuration list for PBXNativeTarget "demo" */ = {
			isa = XCConfigurationList;
			buildConfigurations = (
				EFC4DE5A1F61344E00FE6589 /* Debug */,
				EFC4DE5B1F61344E00FE6589 /* Release */,
			);
			defaultConfigurationIsVisible = 0;
			defaultConfigurationName = Release;
		};
/* End XCConfigurationList section */
	};
	rootObject = EFC4DE3A1F61344E00FE6589 /* Project object */;
}
